{
  "name": "veltio",
  "version": "1.0.0",
  "lockfileVersion": 3,
  "requires": true,
  "packages": {
    "": {
      "name": "veltio",
      "version": "1.0.0",
      "dependencies": {
        "stripe": "^21.0.1"
      }
    },
    "node_modules/stripe": {
      "version": "21.0.1",
      "resolved": "https://registry.npmjs.org/stripe/-/stripe-21.0.1.tgz",
      "integrity": "sha512-ocv0j7dWttswDWV2XL/kb6+yiLpDXNXL3RQAOB5OB2kr49z0cEatdQc12+zP/j5nrXk6rAsT4N3y/NUvBbK7Pw==",
      "license": "MIT",
      "engines": {
        "node": ">=18"
      },
      "peerDependencies": {
        "@types/node": ">=18"
      },
      "peerDependenciesMeta": {
        "@types/node": {
          "optional": true
        }
      }
    }
  }
}
